// !$*UTF8*$!
{
	archiveVersion = 1;
	classes = {
	};
	objectVersion = 46;
	objects = {

/* Begin PBXBuildFile section */
		28302A1B1D9AB9C000709223 /* AppDelegate.swift in Sources */ = {isa = PBXBuildFile; fileRef = 28302A1A1D9AB9C000709223 /* AppDelegate.swift */; };
		28302A1D1D9AB9C000709223 /* ViewController.swift in Sources */ = {isa = PBXBuildFile; fileRef = 28302A1C1D9AB9C000709223 /* ViewController.swift */; };
		28302A201D9AB9C000709223 /* Main.storyboard in Resources */ = {isa = PBXBuildFile; fileRef = 28302A1E1D9AB9C000709223 /* Main.storyboard */; };
		28302A221D9AB9C000709223 /* Assets.xcassets in Resources */ = {isa = PBXBuildFile; fileRef = 28302A211D9AB9C000709223 /* Assets.xcassets */; };
		28302A251D9AB9C000709223 /* LaunchScreen.storyboard in Resources */ = {isa = PBXBuildFile; fileRef = 28302A231D9AB9C000709223 /* LaunchScreen.storyboard */; };
		28302A321D9CCBA700709223 /* Utils.swift in Sources */ = {isa = PBXBuildFile; fileRef = 28302A311D9CCBA700709223 /* Utils.swift */; };
		28B63B5C1D9E6B3C00A2EFBC /* CalculatorBrain.swift in Sources */ = {isa = PBXBuildFile; fileRef = 28B63B5B1D9E6B3C00A2EFBC /* CalculatorBrain.swift */; };
/* End PBXBuildFile section */

/* Begin PBXFileReference section */
		28302A171D9AB9BF00709223 /* Calculator.app */ = {isa = PBXFileReference; explicitFileType = wrapper.application; includeInIndex = 0; path = Calculator.app; sourceTree = BUILT_PRODUCTS_DIR; };
		28302A1A1D9AB9C000709223 /* AppDelegate.swift */ = {isa = PBXFileReference; lastKnownFileType = sourcecode.swift; path = AppDelegate.swift; sourceTree = "<group>"; };
		28302A1C1D9AB9C000709223 /* ViewController.swift */ = {isa = PBXFileReference; lastKnownFileType = sourcecode.swift; path = ViewController.swift; sourceTree = "<group>"; };
		28302A1F1D9AB9C000709223 /* Base */ = {isa = PBXFileReference; lastKnownFileType = file.storyboard; name = Base; path = Base.lproj/Main.storyboard; sourceTree = "<group>"; };
		28302A211D9AB9C000709223 /* Assets.xcassets */ = {isa = PBXFileReference; lastKnownFileType = folder.assetcatalog; path = Assets.xcassets; sourceTree = "<group>"; };
		28302A241D9AB9C000709223 /* Base */ = {isa = PBXFileReference; lastKnownFileType = file.storyboard; name = Base; path = Base.lproj/LaunchScreen.storyboard; sourceTree = "<group>"; };
		28302A261D9AB9C000709223 /* Info.plist */ = {isa = PBXFileReference; lastKnownFileType = text.plist.xml; path = Info.plist; sourceTree = "<group>"; };
		28302A311D9CCBA700709223 /* Utils.swift */ = {isa = PBXFileReference; fileEncoding = 4; lastKnownFileType = sourcecode.swift; path = Utils.swift; sourceTree = "<group>"; };
		28B63B5B1D9E6B3C00A2EFBC /* CalculatorBrain.swift */ = {isa = PBXFileReference; fileEncoding = 4; lastKnownFileType = sourcecode.swift; path = CalculatorBrain.swift; sourceTree = "<group>"; };
/* End PBXFileReference section */

/* Begin PBXFrameworksBuildPhase section */
		28302A141D9AB9BF00709223 /* Frameworks */ = {
			isa = PBXFrameworksBuildPhase;
			buildActionMask = 2147483647;
			files = (
			);
			runOnlyForDeploymentPostprocessing = 0;
		};
/* End PBXFrameworksBuildPhase section */

/* Begin PBXGroup section */
		28302A0E1D9AB9BF00709223 = {
			isa = PBXGroup;
			children = (
				28302A191D9AB9BF00709223 /* Calculator */,
				28302A181D9AB9BF00709223 /* Products */,
			);
			sourceTree = "<group>";
		};
		28302A181D9AB9BF00709223 /* Products */ = {
			isa = PBXGroup;
			children = (
				28302A171D9AB9BF00709223 /* Calculator.app */,
			);
			name = Products;
			sourceTree = "<group>";
		};
		28302A191D9AB9BF00709223 /* Calculator */ = {
			isa = PBXGroup;
			children = (
				28302A311D9CCBA700709223 /* Utils.swift */,
				28B63B5B1D9E6B3C00A2EFBC /* CalculatorBrain.swift */,
				28302A1C1D9AB9C000709223 /* ViewController.swift */,
				28302A1E1D9AB9C000709223 /* Main.storyboard */,
				28302A2C1D9ABFEC00709223 /* SupportingFiles */,
			);
			path = Calculator;
			sourceTree = "<group>";
		};
		28302A2C1D9ABFEC00709223 /* SupportingFiles */ = {
			isa = PBXGroup;
			children = (
				28302A261D9AB9C000709223 /* Info.plist */,
				28302A1A1D9AB9C000709223 /* AppDelegate.swift */,
				28302A231D9AB9C000709223 /* LaunchScreen.storyboard */,
				28302A211D9AB9C000709223 /* Assets.xcassets */,
			);
			name = SupportingFiles;
			sourceTree = "<group>";
		};
/* End PBXGroup section */

/* Begin PBXNativeTarget section */
		28302A161D9AB9BF00709223 /* Calculator */ = {
			isa = PBXNativeTarget;
			buildConfigurationList = 28302A291D9AB9C000709223 /* Build configuration list for PBXNativeTarget "Calculator" */;
			buildPhases = (
				28302A131D9AB9BF00709223 /* Sources */,
				28302A141D9AB9BF00709223 /* Frameworks */,
				28302A151D9AB9BF00709223 /* Resources */,
			);
			buildRules = (
			);
			dependencies = (
			);
			name = Calculator;
			productName = Calculator;
			productReference = 28302A171D9AB9BF00709223 /* Calculator.app */;
			productType = "com.apple.product-type.application";
		};
/* End PBXNativeTarget section */

/* Begin PBXProject section */
		28302A0F1D9AB9BF00709223 /* Project object */ = {
			isa = PBXProject;
			attributes = {
				LastSwiftUpdateCheck = 0800;
				LastUpgradeCheck = 0800;
				ORGANIZATIONNAME = yiliangt5;
				TargetAttributes = {
					28302A161D9AB9BF00709223 = {
						CreatedOnToolsVersion = 8.0;
						DevelopmentTeam = NTRPZD64NH;
						ProvisioningStyle = Automatic;
					};
				};
			};
			buildConfigurationList = 28302A121D9AB9BF00709223 /* Build configuration list for PBXProject "Calculator" */;
			compatibilityVersion = "Xcode 3.2";
			developmentRegion = English;
			hasScannedForEncodings = 0;
			knownRegions = (
				en,
				Base,
			);
			mainGroup = 28302A0E1D9AB9BF00709223;
			productRefGroup = 28302A181D9AB9BF00709223 /* Products */;
			projectDirPath = "";
			projectRoot = "";
			targets = (
				28302A161D9AB9BF00709223 /* Calculator */,
			);
		};
/* End PBXProject section */

/* Begin PBXResourcesBuildPhase section */
		28302A151D9AB9BF00709223 /* Resources */ = {
			isa = PBXResourcesBuildPhase;
			buildActionMask = 2147483647;
			files = (
				28302A251D9AB9C000709223 /* LaunchScreen.storyboard in Resources */,
				28302A221D9AB9C000709223 /* Assets.xcassets in Resources */,
				28302A201D9AB9C000709223 /* Main.storyboard in Resources */,
			);
			runOnlyForDeploymentPostprocessing = 0;
		};
/* End PBXResourcesBuildPhase section */

/* Begin PBXSourcesBuildPhase section */
		28302A131D9AB9BF00709223 /* Sources */ = {
			isa = PBXSourcesBuildPhase;
			buildActionMask = 2147483647;
			files = (
				28302A1D1D9AB9C000709223 /* ViewController.swift in Sources */,
				28302A1B1D9AB9C000709223 /* AppDelegate.swift in Sources */,
				28B63B5C1D9E6B3C00A2EFBC /* CalculatorBrain.swift in Sources */,
				28302A321D9CCBA700709223 /* Utils.swift in Sources */,
			);
			runOnlyForDeploymentPostprocessing = 0;
		};
/* End PBXSourcesBuildPhase section */

/* Begin PBXVariantGroup section */
		28302A1E1D9AB9C000709223 /* Main.storyboard */ = {
			isa = PBXVariantGroup;
			children = (
				28302A1F1D9AB9C000709223 /* Base */,
			);
			name = Main.storyboard;
			sourceTree = "<group>";
		};
		28302A231D9AB9C000709223 /* LaunchScreen.storyboard */ = {
			isa = PBXVariantGroup;
			children = (
				28302A241D9AB9C000709223 /* Base */,
			);
			name = LaunchScreen.storyboard;
			sourceTree = "<group>";
		};
/* End PBXVariantGroup section */

/* Begin XCBuildConfiguration section */
		28302A271D9AB9C000709223 /* Debug */ = {
			isa = XCBuildConfiguration;
			buildSettings = {
				ALWAYS_SEARCH_USER_PATHS = NO;
				CLANG_ANALYZER_NONNULL = YES;
				CLANG_CXX_LANGUAGE_STANDARD = "gnu++0x";
				CLANG_CXX_LIBRARY = "libc++";
				CLANG_ENABLE_MODULES = YES;
				CLANG_ENABLE_OBJC_ARC = YES;
				CLANG_WARN_BOOL_CONVERSION = YES;
				CLANG_WARN_CONSTANT_CONVERSION = YES;
				CLANG_WARN_DIRECT_OBJC_ISA_USAGE = YES_ERROR;
				CLANG_WARN_DOCUMENTATION_COMMENTS = YES;
				CLANG_WARN_EMPTY_BODY = YES;
				CLANG_WARN_ENUM_CONVERSION = YES;
				CLANG_WARN_INFINITE_RECURSION = YES;
				CLANG_WARN_INT_CONVERSION = YES;
				CLANG_WARN_OBJC_ROOT_CLASS = YES_ERROR;
				CLANG_WARN_SUSPICIOUS_MOVES = YES;
				CLANG_WARN_UNREACHABLE_CODE = YES;
				CLANG_WARN__DUPLICATE_METHOD_MATCH = YES;
				"CODE_SIGN_IDENTITY[sdk=iphoneos*]" = "iPhone Developer";
				COPY_PHASE_STRIP = NO;
				DEBUG_INFORMATION_FORMAT = dwarf;
				ENABLE_STRICT_OBJC_MSGSEND = YES;
				ENABLE_TESTABILITY = YES;
				GCC_C_LANGUAGE_STANDARD = gnu99;
				GCC_DYNAMIC_NO_PIC = NO;
				GCC_NO_COMMON_BLOCKS = YES;
				GCC_OPTIMIZATION_LEVEL = 0;
				GCC_PREPROCESSOR_DEFINITIONS = (
					"DEBUG=1",
					"$(inherited)",
				);
				GCC_WARN_64_TO_32_BIT_CONVERSION = YES;
				GCC_WARN_ABOUT_RETURN_TYPE = YES_ERROR;
				GCC_WARN_UNDECLARED_SELECTOR = YES;
				GCC_WARN_UNINITIALIZED_AUTOS = YES_AGGRESSIVE;
				GCC_WARN_UNUSED_FUNCTION = YES;
				GCC_WARN_UNUSED_VARIABLE = YES;
				IPHONEOS_DEPLOYMENT_TARGET = 10.0;
				MTL_ENABLE_DEBUG_INFO = YES;
				ONLY_ACTIVE_ARCH = YES;
				SDKROOT = iphoneos;
				SWIFT_ACTIVE_COMPILATION_CONDITIONS = DEBUG;
				SWIFT_OPTIMIZATION_LEVEL = "-Onone";
				TARGETED_DEVICE_FAMILY = "1,2";
			};
			name = Debug;
		};
		28302A281D9AB9C000709223 /* Release */ = {
			isa = XCBuildConfiguration;
			buildSettings = {
				ALWAYS_SEARCH_USER_PATHS = NO;
				CLANG_ANALYZER_NONNULL = YES;
				CLANG_CXX_LANGUAGE_STANDARD = "gnu++0x";
				CLANG_CXX_LIBRARY = "libc++";
				CLANG_ENABLE_MODULES = YES;
				CLANG_ENABLE_OBJC_ARC = YES;
				CLANG_WARN_BOOL_CONVERSION = YES;
				CLANG_WARN_CONSTANT_CONVERSION = YES;
				CLANG_WARN_DIRECT_OBJC_ISA_USAGE = YES_ERROR;
				CLANG_WARN_DOCUMENTATION_COMMENTS = YES;
				CLANG_WARN_EMPTY_BODY = YES;
				CLANG_WARN_ENUM_CONVERSION = YES;
				CLANG_WARN_INFINITE_RECURSION = YES;
				CLANG_WARN_INT_CONVERSION = YES;
				CLANG_WARN_OBJC_ROOT_CLASS = YES_ERROR;
				CLANG_WARN_SUSPICIOUS_MOVES = YES;
				CLANG_WARN_UNREACHABLE_CODE = YES;
				CLANG_WARN__DUPLICATE_METHOD_MATCH = YES;
				"CODE_SIGN_IDENTITY[sdk=iphoneos*]" = "iPhone Developer";
				COPY_PHASE_STRIP = NO;
				DEBUG_INFORMATION_FORMAT = "dwarf-with-dsym";
				ENABLE_NS_ASSERTIONS = NO;
				ENABLE_STRICT_OBJC_MSGSEND = YES;
				GCC_C_LANGUAGE_STANDARD = gnu99;
				GCC_NO_COMMON_BLOCKS = YES;
				GCC_WARN_64_TO_32_BIT_CONVERSION = YES;
				GCC_WARN_ABOUT_RETURN_TYPE = YES_ERROR;
				GCC_WARN_UNDECLARED_SELECTOR = YES;
				GCC_WARN_UNINITIALIZED_AUTOS = YES_AGGRESSIVE;
				GCC_WARN_UNUSED_FUNCTION = YES;
				GCC_WARN_UNUSED_VARIABLE = YES;
				IPHONEOS_DEPLOYMENT_TARGET = 10.0;
				MTL_ENABLE_DEBUG_INFO = NO;
				SDKROOT = iphoneos;
				SWIFT_OPTIMIZATION_LEVEL = "-Owholemodule";
				TARGETED_DEVICE_FAMILY = "1,2";
				VALIDATE_PRODUCT = YES;
			};
			name = Release;
		};
		28302A2A1D9AB9C000709223 /* Debug */ = {
			isa = XCBuildConfiguration;
			buildSettings = {
				ASSETCATALOG_COMPILER_APPICON_NAME = AppIcon;
				DEVELOPMENT_TEAM = NTRPZD64NH;
				INFOPLIST_FILE = Calculator/Info.plist;
				LD_RUNPATH_SEARCH_PATHS = "$(inherited) @executable_path/Frameworks";
				PRODUCT_BUNDLE_IDENTIFIER = yiliangt5.Calculator;
				PRODUCT_NAME = "$(TARGET_NAME)";
				SWIFT_VERSION = 3.0;
			};
			name = Debug;
		};
		28302A2B1D9AB9C000709223 /* Release */ = {
			isa = XCBuildConfiguration;
			buildSettings = {
				ASSETCATALOG_COMPILER_APPICON_NAME = AppIcon;
				DEVELOPMENT_TEAM = NTRPZD64NH;
				INFOPLIST_FILE = Calculator/Info.plist;
				LD_RUNPATH_SEARCH_PATHS = "$(inherited) @executable_path/Frameworks";
				PRODUCT_BUNDLE_IDENTIFIER = yiliangt5.Calculator;
				PRODUCT_NAME = "$(TARGET_NAME)";
				SWIFT_VERSION = 3.0;
			};
			name = Release;
		};
/* End XCBuildConfiguration section */

/* Begin XCConfigurationList section */
		28302A121D9AB9BF00709223 /* Build configuration list for PBXProject "Calculator" */ = {
			isa = XCConfigurationList;
			buildConfigurations = (
				28302A271D9AB9C000709223 /* Debug */,
				28302A281D9AB9C000709223 /* Release */,
			);
			defaultConfigurationIsVisible = 0;
			defaultConfigurationName = Release;
		};
		28302A291D9AB9C000709223 /* Build configuration list for PBXNativeTarget "Calculator" */ = {
			isa = XCConfigurationList;
			buildConfigurations = (
				28302A2A1D9AB9C000709223 /* Debug */,
				28302A2B1D9AB9C000709223 /* Release */,
			);
			defaultConfigurationIsVisible = 0;
			defaultConfigurationName = Release;
		};
/* End XCConfigurationList section */
	};
	rootObject = 28302A0F1D9AB9BF00709223 /* Project object */;
}
